
Microsoft Visual Studio Solution File, Format Version 10.00
# Visual Studio 2008
Project("{E24C65DC-7377-472B-9ABA-BC803B73C61A}") = "BackToMyVillage Code", ".", "{FA2D14B8-1795-4CAE-BFBF-0FCE6757585B}"
	ProjectSection(WebsiteProperties) = preProject
		TargetFramework = "3.5"
		Debug.AspNetCompiler.VirtualPath = "/BackToMyVillage Code"
		Debug.AspNetCompiler.PhysicalPath = "..\..\..\..\..\..\Sravz\In progress\BackToMyVillage\BackToMyVillage Code\"
		Debug.AspNetCompiler.TargetPath = "PrecompiledWeb\BackToMyVillage Code\"
		Debug.AspNetCompiler.Updateable = "true"
		Debug.AspNetCompiler.ForceOverwrite = "true"
		Debug.AspNetCompiler.FixedNames = "false"
		Debug.AspNetCompiler.Debug = "True"
		Release.AspNetCompiler.VirtualPath = "/BackToMyVillage Code"
		Release.AspNetCompiler.PhysicalPath = "..\..\..\..\..\..\Sravz\In progress\BackToMyVillage\BackToMyVillage Code\"
		Release.AspNetCompiler.TargetPath = "PrecompiledWeb\BackToMyVillage Code\"
		Release.AspNetCompiler.Updateable = "true"
		Release.AspNetCompiler.ForceOverwrite = "true"
		Release.AspNetCompiler.FixedNames = "false"
		Release.AspNetCompiler.Debug = "False"
		VWDPort = "3432"
	EndProjectSection
EndProject
Global
	GlobalSection(SolutionConfigurationPlatforms) = preSolution
		Debug|Any CPU = Debug|Any CPU
	EndGlobalSection
	GlobalSection(ProjectConfigurationPlatforms) = postSolution
		{FA2D14B8-1795-4CAE-BFBF-0FCE6757585B}.Debug|Any CPU.ActiveCfg = Debug|Any CPU
		{FA2D14B8-1795-4CAE-BFBF-0FCE6757585B}.Debug|Any CPU.Build.0 = Debug|Any CPU
	EndGlobalSection
	GlobalSection(SolutionProperties) = preSolution
		HideSolutionNode = FALSE
	EndGlobalSection
EndGlobal
